{
    "_meta": {
        "hash": {
            "sha256": "bc568047f1005db8faae3828cc6eeb5c74f0aeeba640353f04318384d6ca4e54"
        },
        "pipfile-spec": 6,
        "requires": {
            "python_version": "3.11"
        },
        "sources": [
            {
                "name": "pypi",
                "url": "https://pypi.python.org/simple",
                "verify_ssl": true
            }
        ]
    },
    "default": {
        "aws-glue-schema-registry": {
            "hashes": [
                "sha256:590b95edd8b135c9ac74f985c05d117ea79ef6e56209ab90bc0b2fcc222e8fff",
                "sha256:87dff8456d94cc09371e01d341a7ce91ae2d539958d297e43e8ae605e154d1e5"
            ],
            "index": "pypi",
            "version": "==1.1.3"
        },
        "aws-kinesis-agg": {
            "hashes": [
                "sha256:87fdca1e6ebe8e445cd3ad31efd4f78a0aa11aafc183daa3090aa49c12db3c27",
                "sha256:e9490bf4af2efa06f3f221b710f0c96d4c410d5cae16fb95a287ac420d060991"
            ],
            "index": "pypi",
            "version": "==1.2.3"
        },
        "boto3": {
            "hashes": [
                "sha256:9edf49640c79a05b0a72f4c2d1e24dfc164344b680535a645f455ac624dc3680",
                "sha256:db58348849a5af061f0f5ec9c3b699da5221ca83354059fdccb798e3ddb6b62a"
            ],
            "markers": "python_version >= '3.8'",
            "version": "==1.35.57"
        },
        "botocore": {
            "hashes": [
                "sha256:92ddd02469213766872cb2399269dd20948f90348b42bf08379881d5e946cc34",
                "sha256:d96306558085baf0bcb3b022d7a8c39c93494f031edb376694d2b2dcd0e81327"
            ],
            "markers": "python_version >= '3.8'",
            "version": "==1.35.57"
        },
        "certifi": {
            "hashes": [
                "sha256:0a816057ea3cdefcef70270d2c515e4506bbc954f417fa5ade2021213bb8f0c6",
                "sha256:30350364dfe371162649852c63336a15c70c6510c2ad5015b21c2345311805f3"
            ],
            "markers": "python_version >= '3.6'",
            "version": "==2025.4.26"
        },
        "charset-normalizer": {
            "hashes": [
                "sha256:005fa3432484527f9732ebd315da8da8001593e2cf46a3d817669f062c3d9ed4",
                "sha256:046595208aae0120559a67693ecc65dd75d46f7bf687f159127046628178dc45",
                "sha256:0c29de6a1a95f24b9a1aa7aefd27d2487263f00dfd55a77719b530788f75cff7",
                "sha256:0c8c57f84ccfc871a48a47321cfa49ae1df56cd1d965a09abe84066f6853b9c0",
                "sha256:0f5d9ed7f254402c9e7d35d2f5972c9bbea9040e99cd2861bd77dc68263277c7",
                "sha256:18dd2e350387c87dabe711b86f83c9c78af772c748904d372ade190b5c7c9d4d",
                "sha256:1b1bde144d98e446b056ef98e59c256e9294f6b74d7af6846bf5ffdafd687a7d",
                "sha256:1c95a1e2902a8b722868587c0e1184ad5c55631de5afc0eb96bc4b0d738092c0",
                "sha256:1cad5f45b3146325bb38d6855642f6fd609c3f7cad4dbaf75549bf3b904d3184",
                "sha256:21b2899062867b0e1fde9b724f8aecb1af14f2778d69aacd1a5a1853a597a5db",
                "sha256:24498ba8ed6c2e0b56d4acbf83f2d989720a93b41d712ebd4f4979660db4417b",
                "sha256:25a23ea5c7edc53e0f29bae2c44fcb5a1aa10591aae107f2a2b2583a9c5cbc64",
                "sha256:289200a18fa698949d2b39c671c2cc7a24d44096784e76614899a7ccf2574b7b",
                "sha256:28a1005facc94196e1fb3e82a3d442a9d9110b8434fc1ded7a24a2983c9888d8",
                "sha256:32fc0341d72e0f73f80acb0a2c94216bd704f4f0bce10aedea38f30502b271ff",
                "sha256:36b31da18b8890a76ec181c3cf44326bf2c48e36d393ca1b72b3f484113ea344",
                "sha256:3c21d4fca343c805a52c0c78edc01e3477f6dd1ad7c47653241cf2a206d4fc58",
                "sha256:3fddb7e2c84ac87ac3a947cb4e66d143ca5863ef48e4a5ecb83bd48619e4634e",
                "sha256:43e0933a0eff183ee85833f341ec567c0980dae57c464d8a508e1b2ceb336471",
                "sha256:4a476b06fbcf359ad25d34a057b7219281286ae2477cc5ff5e3f70a246971148",
                "sha256:4e594135de17ab3866138f496755f302b72157d115086d100c3f19370839dd3a",
                "sha256:50bf98d5e563b83cc29471fa114366e6806bc06bc7a25fd59641e41445327836",
                "sha256:5a9979887252a82fefd3d3ed2a8e3b937a7a809f65dcb1e068b090e165bbe99e",
                "sha256:5baececa9ecba31eff645232d59845c07aa030f0c81ee70184a90d35099a0e63",
                "sha256:5bf4545e3b962767e5c06fe1738f951f77d27967cb2caa64c28be7c4563e162c",
                "sha256:6333b3aa5a12c26b2a4d4e7335a28f1475e0e5e17d69d55141ee3cab736f66d1",
                "sha256:65c981bdbd3f57670af8b59777cbfae75364b483fa8a9f420f08094531d54a01",
                "sha256:68a328e5f55ec37c57f19ebb1fdc56a248db2e3e9ad769919a58672958e8f366",
                "sha256:6a0289e4589e8bdfef02a80478f1dfcb14f0ab696b5a00e1f4b8a14a307a3c58",
                "sha256:6b66f92b17849b85cad91259efc341dce9c1af48e2173bf38a85c6329f1033e5",
                "sha256:6c9379d65defcab82d07b2a9dfbfc2e95bc8fe0ebb1b176a3190230a3ef0e07c",
                "sha256:6fc1f5b51fa4cecaa18f2bd7a003f3dd039dd615cd69a2afd6d3b19aed6775f2",
                "sha256:70f7172939fdf8790425ba31915bfbe8335030f05b9913d7ae00a87d4395620a",
                "sha256:721c76e84fe669be19c5791da68232ca2e05ba5185575086e384352e2c309597",
                "sha256:7222ffd5e4de8e57e03ce2cef95a4c43c98fcb72ad86909abdfc2c17d227fc1b",
                "sha256:75d10d37a47afee94919c4fab4c22b9bc2a8bf7d4f46f87363bcf0573f3ff4f5",
                "sha256:76af085e67e56c8816c3ccf256ebd136def2ed9654525348cfa744b6802b69eb",
                "sha256:770cab594ecf99ae64c236bc9ee3439c3f46be49796e265ce0cc8bc17b10294f",
                "sha256:7a6ab32f7210554a96cd9e33abe3ddd86732beeafc7a28e9955cdf22ffadbab0",
                "sha256:7c48ed483eb946e6c04ccbe02c6b4d1d48e51944b6db70f697e089c193404941",
                "sha256:7f56930ab0abd1c45cd15be65cc741c28b1c9a34876ce8c17a2fa107810c0af0",
                "sha256:8075c35cd58273fee266c58c0c9b670947c19df5fb98e7b66710e04ad4e9ff86",
                "sha256:8272b73e1c5603666618805fe821edba66892e2870058c94c53147602eab29c7",
                "sha256:82d8fd25b7f4675d0c47cf95b594d4e7b158aca33b76aa63d07186e13c0e0ab7",
                "sha256:844da2b5728b5ce0e32d863af26f32b5ce61bc4273a9c720a9f3aa9df73b1455",
                "sha256:8755483f3c00d6c9a77f490c17e6ab0c8729e39e6390328e42521ef175380ae6",
                "sha256:915f3849a011c1f593ab99092f3cecfcb4d65d8feb4a64cf1bf2d22074dc0ec4",
                "sha256:926ca93accd5d36ccdabd803392ddc3e03e6d4cd1cf17deff3b989ab8e9dbcf0",
                "sha256:982bb1e8b4ffda883b3d0a521e23abcd6fd17418f6d2c4118d257a10199c0ce3",
                "sha256:98f862da73774290f251b9df8d11161b6cf25b599a66baf087c1ffe340e9bfd1",
                "sha256:9cbfacf36cb0ec2897ce0ebc5d08ca44213af24265bd56eca54bee7923c48fd6",
                "sha256:a370b3e078e418187da8c3674eddb9d983ec09445c99a3a263c2011993522981",
                "sha256:a955b438e62efdf7e0b7b52a64dc5c3396e2634baa62471768a64bc2adb73d5c",
                "sha256:aa6af9e7d59f9c12b33ae4e9450619cf2488e2bbe9b44030905877f0b2324980",
                "sha256:aa88ca0b1932e93f2d961bf3addbb2db902198dca337d88c89e1559e066e7645",
                "sha256:aaeeb6a479c7667fbe1099af9617c83aaca22182d6cf8c53966491a0f1b7ffb7",
                "sha256:aaf27faa992bfee0264dc1f03f4c75e9fcdda66a519db6b957a3f826e285cf12",
                "sha256:b2680962a4848b3c4f155dc2ee64505a9c57186d0d56b43123b17ca3de18f0fa",
                "sha256:b2d318c11350e10662026ad0eb71bb51c7812fc8590825304ae0bdd4ac283acd",
                "sha256:b33de11b92e9f75a2b545d6e9b6f37e398d86c3e9e9653c4864eb7e89c5773ef",
                "sha256:b3daeac64d5b371dea99714f08ffc2c208522ec6b06fbc7866a450dd446f5c0f",
                "sha256:be1e352acbe3c78727a16a455126d9ff83ea2dfdcbc83148d2982305a04714c2",
                "sha256:bee093bf902e1d8fc0ac143c88902c3dfc8941f7ea1d6a8dd2bcb786d33db03d",
                "sha256:c72fbbe68c6f32f251bdc08b8611c7b3060612236e960ef848e0a517ddbe76c5",
                "sha256:c9e36a97bee9b86ef9a1cf7bb96747eb7a15c2f22bdb5b516434b00f2a599f02",
                "sha256:cddf7bd982eaa998934a91f69d182aec997c6c468898efe6679af88283b498d3",
                "sha256:cf713fe9a71ef6fd5adf7a79670135081cd4431c2943864757f0fa3a65b1fafd",
                "sha256:d11b54acf878eef558599658b0ffca78138c8c3655cf4f3a4a673c437e67732e",
                "sha256:d41c4d287cfc69060fa91cae9683eacffad989f1a10811995fa309df656ec214",
                "sha256:d524ba3f1581b35c03cb42beebab4a13e6cdad7b36246bd22541fa585a56cccd",
                "sha256:daac4765328a919a805fa5e2720f3e94767abd632ae410a9062dff5412bae65a",
                "sha256:db4c7bf0e07fc3b7d89ac2a5880a6a8062056801b83ff56d8464b70f65482b6c",
                "sha256:dc7039885fa1baf9be153a0626e337aa7ec8bf96b0128605fb0d77788ddc1681",
                "sha256:dccab8d5fa1ef9bfba0590ecf4d46df048d18ffe3eec01eeb73a42e0d9e7a8ba",
                "sha256:dedb8adb91d11846ee08bec4c8236c8549ac721c245678282dcb06b221aab59f",
                "sha256:e45ba65510e2647721e35323d6ef54c7974959f6081b58d4ef5d87c60c84919a",
                "sha256:e53efc7c7cee4c1e70661e2e112ca46a575f90ed9ae3fef200f2a25e954f4b28",
                "sha256:e635b87f01ebc977342e2697d05b56632f5f879a4f15955dfe8cef2448b51691",
                "sha256:e70e990b2137b29dc5564715de1e12701815dacc1d056308e2b17e9095372a82",
                "sha256:e8082b26888e2f8b36a042a58307d5b917ef2b1cacab921ad3323ef91901c71a",
                "sha256:e8323a9b031aa0393768b87f04b4164a40037fb2a3c11ac06a03ffecd3618027",
                "sha256:e92fca20c46e9f5e1bb485887d074918b13543b1c2a1185e69bb8d17ab6236a7",
                "sha256:eb30abc20df9ab0814b5a2524f23d75dcf83cde762c161917a2b4b7b55b1e518",
                "sha256:eba9904b0f38a143592d9fc0e19e2df0fa2e41c3c3745554761c5f6447eedabf",
                "sha256:ef8de666d6179b009dce7bcb2ad4c4a779f113f12caf8dc77f0162c29d20490b",
                "sha256:efd387a49825780ff861998cd959767800d54f8308936b21025326de4b5a42b9",
                "sha256:f0aa37f3c979cf2546b73e8222bbfa3dc07a641585340179d768068e3455e544",
                "sha256:f4074c5a429281bf056ddd4c5d3b740ebca4d43ffffe2ef4bf4d2d05114299da",
                "sha256:f69a27e45c43520f5487f27627059b64aaf160415589230992cec34c5e18a509",
                "sha256:fb707f3e15060adf5b7ada797624a6c6e0138e2a26baa089df64c68ee98e040f",
                "sha256:fcbe676a55d7445b22c10967bceaaf0ee69407fbe0ece4d032b6eb8d4565982a",
                "sha256:fdb20a30fe1175ecabed17cbf7812f7b804b8a315a25f24678bcdf120a90077f"
            ],
            "markers": "python_version >= '3.7'",
            "version": "==3.4.2"
        },
        "click": {
            "hashes": [
                "sha256:ae74fb96c20a0277a1d615f1e4d73c8414f5a98db8b799a7931d1582f3390c28",
                "sha256:ca9853ad459e787e2192211578cc907e7594e294c7ccc834310722b41b9ca6de"
            ],
            "index": "pypi",
            "version": "==8.1.7"
        },
        "fastavro": {
            "hashes": [
                "sha256:0b2f9bafa167cb4d1c3dd17565cb5bf3d8c0759e42620280d1760f1e778e07fc",
                "sha256:13e11c6cb28626da85290933027cd419ce3f9ab8e45410ef24ce6b89d20a1f6c",
                "sha256:17de68aae8c2525f5631d80f2b447a53395cdc49134f51b0329a5497277fc2d2",
                "sha256:1d09227d1f48f13281bd5ceac958650805aef9a4ef4f95810128c1f9be1df736",
                "sha256:2af559f30383b79cf7d020a6b644c42ffaed3595f775fe8f3d7f80b1c43dfdc5",
                "sha256:2db993ae6cdc63e25eadf9f93c9e8036f9b097a3e61d19dca42536dcc5c4d8b3",
                "sha256:2fcce036c6aa06269fc6a0428050fcb6255189997f5e1a728fc461e8b9d3e26b",
                "sha256:3b683693c8a85ede496ebebe115be5d7870c150986e34a0442a20d88d7771224",
                "sha256:4e1289b731214a7315884c74b2ec058b6e84380ce9b18b8af5d387e64b18fc44",
                "sha256:536f5644737ad21d18af97d909dba099b9e7118c237be7e4bd087c7abde7e4f0",
                "sha256:56304401d2f4f69f5b498bdd1552c13ef9a644d522d5de0dc1d789cf82f47f73",
                "sha256:58f76a5c9a312fbd37b84e49d08eb23094d36e10d43bc5df5187bc04af463feb",
                "sha256:6312fa99deecc319820216b5e1b1bd2d7ebb7d6f221373c74acfddaee64e8e60",
                "sha256:7313def3aea3dacface0a8b83f6d66e49a311149aa925c89184a06c1ef99785d",
                "sha256:76d9d96f98052615ab465c63ba8b76ed59baf2e3341b7b169058db104cbe2aa0",
                "sha256:7c911366c625d0a997eafe0aa83ffbc6fd00d8fd4543cb39a97c6f3b8120ea87",
                "sha256:912283ed48578a103f523817fdf0c19b1755cea9b4a6387b73c79ecb8f8f84fc",
                "sha256:919f3549e07a8a8645a2146f23905955c35264ac809f6c2ac18142bc5b9b6022",
                "sha256:9be089be8c00f68e343bbc64ca6d9a13e5e5b0ba8aa52bcb231a762484fb270e",
                "sha256:9de1fa832a4d9016724cd6facab8034dc90d820b71a5d57c7e9830ffe90f31e4",
                "sha256:b525c363e267ed11810aaad8fbdbd1c3bd8837d05f7360977d72a65ab8c6e1fa",
                "sha256:b6b2ccdc78f6afc18c52e403ee68c00478da12142815c1bd8a00973138a166d0",
                "sha256:cc811fb4f7b5ae95f969cda910241ceacf82e53014c7c7224df6f6e0ca97f52f",
                "sha256:d576eccfd60a18ffa028259500df67d338b93562c6700e10ef68bbd88e499731",
                "sha256:e87d04b235b29f7774d226b120da2ca4e60b9e6fdf6747daef7f13f218b3517a",
                "sha256:eac69666270a76a3a1d0444f39752061195e79e146271a568777048ffbd91a27",
                "sha256:ec2e96bdabd58427fe683329b3d79f42c7b4f4ff6b3644664a345a655ac2c0a1",
                "sha256:ec8499dc276c2d2ef0a68c0f1ad11782b2b956a921790a36bf4c18df2b8d4020",
                "sha256:edc28ab305e3c424de5ac5eb87b48d1e07eddb6aa08ef5948fcda33cc4d995ce",
                "sha256:ee9bf23c157bd7dcc91ea2c700fa3bd924d9ec198bb428ff0b47fa37fe160659",
                "sha256:fb8749e419a85f251bf1ac87d463311874972554d25d4a0b19f6bdc56036d7cf"
            ],
            "index": "pypi",
            "version": "==1.9.7"
        },
        "fastjsonschema": {
            "hashes": [
                "sha256:3d48fc5300ee96f5d116f10fe6f28d938e6008f59a6a025c2649475b87f76a23",
                "sha256:5875f0b0fa7a0043a91e93a9b8f793bcbbba9691e7fd83dca95c28ba26d21f0a"
            ],
            "version": "==2.20.0"
        },
        "idna": {
            "hashes": [
                "sha256:12f65c9b470abda6dc35cf8e63cc574b1c52b11df2c86030af0ac09b01b13ea9",
                "sha256:946d195a0d259cbba61165e88e65941f16e9b36ea6ddb97f00452bae8b1287d3"
            ],
            "markers": "python_version >= '3.6'",
            "version": "==3.10"
        },
        "jmespath": {
            "hashes": [
                "sha256:02e2e4cc71b5bcab88332eebf907519190dd9e6e82107fa7f83b1003a6252980",
                "sha256:90261b206d6defd58fdd5e85f478bf633a2901798906be2ad389150c5c60edbe"
            ],
            "markers": "python_version >= '3.7'",
            "version": "==1.0.1"
        },
        "jsonpath-ng": {
            "hashes": [
                "sha256:f6f5f7fd4e5ff79c785f1573b394043b39849fb2bb47bcead935d12b00beab3c"
            ],
            "index": "pypi",
            "version": "==1.7.0"
        },
        "kafka-python": {
            "hashes": [
                "sha256:04dfe7fea2b63726cd6f3e79a2d86e709d608d74406638c5da33a01d45a9d7e3",
                "sha256:2d92418c7cb1c298fa6c7f0fb3519b520d0d7526ac6cb7ae2a4fc65a51a94b6e"
            ],
            "index": "pypi",
            "version": "==2.0.2"
        },
        "kinesis-python": {
            "file": "https://github.com/matgoebl/kinesis-python/archive/refs/heads/master.zip",
            "hashes": [
                "sha256:e752dfab6ca114a56b0de9fbb8ad33edbc648d18361e247b4989a6d289be0c37"
            ],
            "version": "==0.2.1"
        },
        "lz4": {
            "hashes": [
                "sha256:01fe674ef2889dbb9899d8a67361e0c4a2c833af5aeb37dd505727cf5d2a131e",
                "sha256:054b4631a355606e99a42396f5db4d22046a3397ffc3269a348ec41eaebd69d2",
                "sha256:0a136e44a16fc98b1abc404fbabf7f1fada2bdab6a7e970974fb81cf55b636d0",
                "sha256:0e9c410b11a31dbdc94c05ac3c480cb4b222460faf9231f12538d0074e56c563",
                "sha256:222a7e35137d7539c9c33bb53fcbb26510c5748779364014235afc62b0ec797f",
                "sha256:24b3206de56b7a537eda3a8123c644a2b7bf111f0af53bc14bed90ce5562d1aa",
                "sha256:2b901c7784caac9a1ded4555258207d9e9697e746cc8532129f150ffe1f6ba0d",
                "sha256:2f7b1839f795315e480fb87d9bc60b186a98e3e5d17203c6e757611ef7dcef61",
                "sha256:30e8c20b8857adef7be045c65f47ab1e2c4fabba86a9fa9a997d7674a31ea6b6",
                "sha256:31ea4be9d0059c00b2572d700bf2c1bc82f241f2c3282034a759c9a4d6ca4dc2",
                "sha256:337cb94488a1b060ef1685187d6ad4ba8bc61d26d631d7ba909ee984ea736be1",
                "sha256:33c9a6fd20767ccaf70649982f8f3eeb0884035c150c0b818ea660152cf3c809",
                "sha256:363ab65bf31338eb364062a15f302fc0fab0a49426051429866d71c793c23394",
                "sha256:43cf03059c0f941b772c8aeb42a0813d68d7081c009542301637e5782f8a33e2",
                "sha256:56f4fe9c6327adb97406f27a66420b22ce02d71a5c365c48d6b656b4aaeb7775",
                "sha256:5d35533bf2cee56f38ced91f766cd0038b6abf46f438a80d50c52750088be93f",
                "sha256:6756212507405f270b66b3ff7f564618de0606395c0fe10a7ae2ffcbbe0b1fba",
                "sha256:6cdc60e21ec70266947a48839b437d46025076eb4b12c76bd47f8e5eb8a75dcc",
                "sha256:abc197e4aca8b63f5ae200af03eb95fb4b5055a8f990079b5bdf042f568469dd",
                "sha256:b14d948e6dce389f9a7afc666d60dd1e35fa2138a8ec5306d30cd2e30d36b40c",
                "sha256:b47839b53956e2737229d70714f1d75f33e8ac26e52c267f0197b3189ca6de24",
                "sha256:b6d9ec061b9eca86e4dcc003d93334b95d53909afd5a32c6e4f222157b50c071",
                "sha256:b891880c187e96339474af2a3b2bfb11a8e4732ff5034be919aa9029484cd201",
                "sha256:bca8fccc15e3add173da91be8f34121578dc777711ffd98d399be35487c934bf",
                "sha256:c81703b12475da73a5d66618856d04b1307e43428a7e59d98cfe5a5d608a74c6",
                "sha256:d2507ee9c99dbddd191c86f0e0c8b724c76d26b0602db9ea23232304382e1f21",
                "sha256:e36cd7b9d4d920d3bfc2369840da506fa68258f7bb176b8743189793c055e43d",
                "sha256:e7d84b479ddf39fe3ea05387f10b779155fc0990125f4fb35d636114e1c63a2e",
                "sha256:eac9af361e0d98335a02ff12fb56caeb7ea1196cf1a49dbf6f17828a131da807",
                "sha256:edfd858985c23523f4e5a7526ca6ee65ff930207a7ec8a8f57a01eae506aaee7",
                "sha256:ee9ff50557a942d187ec85462bb0960207e7ec5b19b3b48949263993771c6205",
                "sha256:f0e822cd7644995d9ba248cb4b67859701748a93e2ab7fc9bc18c599a52e4604",
                "sha256:f180904f33bdd1e92967923a43c22899e303906d19b2cf8bb547db6653ea6e7d",
                "sha256:f1d18718f9d78182c6b60f568c9a9cec8a7204d7cb6fad4e511a2ef279e4cb05",
                "sha256:f4c7bf687303ca47d69f9f0133274958fd672efaa33fb5bcde467862d6c621f0",
                "sha256:f76176492ff082657ada0d0f10c794b6da5800249ef1692b35cf49b1e93e8ef7"
            ],
            "index": "pypi",
            "version": "==4.3.3"
        },
        "offspring": {
            "hashes": [
                "sha256:3fe701aa67a982e899cfefaecdbec29c2223fd93779aaa60e9dd3e74d24ac6d0",
                "sha256:e30c37b5f98c5bc2e0889a0c24a3ced91fac10f3bff090873d3c14ea7acc0c53"
            ],
            "index": "pypi",
            "version": "==0.1.1"
        },
        "orjson": {
            "hashes": [
                "sha256:03246774131701de8e7059b2e382597da43144a9a7400f178b2a32feafc54bd5",
                "sha256:0efabbf839388a1dab5b72b5d3baedbd6039ac83f3b55736eb9934ea5494d258",
                "sha256:10f416b2a017c8bd17f325fb9dee1fb5cdd7a54e814284896b7c3f2763faa017",
                "sha256:1444f9cb7c14055d595de1036f74ecd6ce15f04a715e73f33bb6326c9cef01b6",
                "sha256:1789d9db7968d805f3d94aae2c25d04014aae3a2fa65b1443117cd462c6da647",
                "sha256:19b3763e8bbf8ad797df6b6b5e0fc7c843ec2e2fc0621398534e0c6400098f87",
                "sha256:1a1222ffcee8a09476bbdd5d4f6f33d06d0d6642df2a3d78b7a195ca880d669b",
                "sha256:1be83a13312e5e58d633580c5eb8d0495ae61f180da2722f20562974188af205",
                "sha256:1f39728c7f7d766f1f5a769ce4d54b5aaa4c3f92d5b84817053cc9995b977acc",
                "sha256:360a4e2c0943da7c21505e47cf6bd725588962ff1d739b99b14e2f7f3545ba51",
                "sha256:461311b693d3d0a060439aa669c74f3603264d4e7a08faa68c47ae5a863f352d",
                "sha256:496e2cb45de21c369079ef2d662670a4892c81573bcc143c4205cae98282ba97",
                "sha256:4bfb30c891b530f3f80e801e3ad82ef150b964e5c38e1fb8482441c69c35c61c",
                "sha256:4d83f87582d223e54efb2242a79547611ba4ebae3af8bae1e80fa9a0af83bb7f",
                "sha256:4eed32f33a0ea6ef36ccc1d37f8d17f28a1d6e8eefae5928f76aff8f1df85e67",
                "sha256:51f3382415747e0dbda9dade6f1e1a01a9d37f630d8c9049a8ed0e385b7a90c0",
                "sha256:52ca832f17d86a78cbab86cdc25f8c13756ebe182b6fc1a97d534051c18a08de",
                "sha256:52e5834d7d6e58a36846e059d00559cb9ed20410664f3ad156cd2cc239a11230",
                "sha256:5576b1e5a53a5ba8f8df81872bb0878a112b3ebb1d392155f00f54dd86c83ff6",
                "sha256:63fc9d5fe1d4e8868f6aae547a7b8ba0a2e592929245fff61d633f4caccdcdd6",
                "sha256:655a493bac606655db9a47fe94d3d84fc7f3ad766d894197c94ccf0c5408e7d3",
                "sha256:65cd3e3bb4fbb4eddc3c1e8dce10dc0b73e808fcb875f9fab40c81903dd9323e",
                "sha256:677f23e32491520eebb19c99bb34675daf5410c449c13416f7f0d93e2cf5f981",
                "sha256:6dade64687f2bd7c090281652fe18f1151292d567a9302b34c2dbb92a3872f1f",
                "sha256:6f67c570602300c4befbda12d153113b8974a3340fdcf3d6de095ede86c06d92",
                "sha256:705f03cee0cb797256d54de6695ef219e5bc8c8120b6654dd460848d57a9af3d",
                "sha256:77b0fed6f209d76c1c39f032a70df2d7acf24b1812ca3e6078fd04e8972685a3",
                "sha256:7dfa8db55c9792d53c5952900c6a919cfa377b4f4534c7a786484a6a4a350c19",
                "sha256:80c00d4acded0c51c98754fe8218cb49cb854f0f7eb39ea4641b7f71732d2cb7",
                "sha256:80df27dd8697242b904f4ea54820e2d98d3f51f91e97e358fc13359721233e4b",
                "sha256:82f07c550a6ccd2b9290849b22316a609023ed851a87ea888c0456485a7d196a",
                "sha256:86b9dd983857970c29e4c71bb3e95ff085c07d3e83e7c46ebe959bac07ebd80b",
                "sha256:8b5759063a6c940a69c728ea70d7c33583991c6982915a839c8da5f957e0103a",
                "sha256:96ed1de70fcb15d5fed529a656df29f768187628727ee2788344e8a51e1c1350",
                "sha256:9fd0ad1c129bc9beb1154c2655f177620b5beaf9a11e0d10bac63ef3fce96950",
                "sha256:a11225d7b30468dcb099498296ffac36b4673a8398ca30fdaec1e6c20df6aa55",
                "sha256:a2fc947e5350fdce548bfc94f434e8760d5cafa97fb9c495d2fef6757aa02ec0",
                "sha256:a3f29634260708c200c4fe148e42b4aae97d7b9fee417fbdd74f8cfc265f15b0",
                "sha256:afacfd1ab81f46dedd7f6001b6d4e8de23396e4884cd3c3436bd05defb1a6446",
                "sha256:b592597fe551d518f42c5a2eb07422eb475aa8cfdc8c51e6da7054b836b26782",
                "sha256:b7fcfc6f7ca046383fb954ba528587e0f9336828b568282b27579c49f8e16aad",
                "sha256:b9546b278c9fb5d45380f4809e11b4dd9844ca7aaf1134024503e134ed226161",
                "sha256:bc274ac261cc69260913b2d1610760e55d3c0801bb3457ba7b9004420b6b4270",
                "sha256:bd9a187742d3ead9df2e49240234d728c67c356516cf4db018833a86f20ec18c",
                "sha256:c46294faa4e4d0eb73ab68f1a794d2cbf7bab33b1dda2ac2959ffb7c61591899",
                "sha256:c95f2ecafe709b4e5c733b5e2768ac569bed308623c85806c395d9cca00e08af",
                "sha256:cb4d0bea56bba596723d73f074c420aec3b2e5d7d30698bc56e6048066bd560c",
                "sha256:cdec57fe3b4bdebcc08a946db3365630332dbe575125ff3d80a3272ebd0ddafe",
                "sha256:d496c74fc2b61341e3cefda7eec21b7854c5f672ee350bc55d9a4997a8a95204",
                "sha256:d4a62c49c506d4d73f59514986cadebb7e8d186ad510c518f439176cf8d5359d",
                "sha256:df8c677df2f9f385fcc85ab859704045fa88d4668bc9991a527c86e710392bec",
                "sha256:dfbb2d460a855c9744bbc8e36f9c3a997c4b27d842f3d5559ed54326e6911f9b",
                "sha256:e2f3b7c5803138e67028dde33450e054c87e0703afbe730c105f1fcd873496d5",
                "sha256:e35b6d730de6384d5b2dab5fd23f0d76fae8bbc8c353c2f78210aa5fa4beb3ef",
                "sha256:f1eec3421a558ff7a9b010a6c7effcfa0ade65327a71bb9b02a1c3b77a247284",
                "sha256:f35a1b9f50a219f470e0e497ca30b285c9f34948d3c8160d5ad3a755d9299433",
                "sha256:f4c57ea78a753812f528178aa2f1c57da633754c91d2124cb28991dab4c79a54",
                "sha256:f91d9eb554310472bd09f5347950b24442600594c2edc1421403d7610a0998fd"
            ],
            "markers": "python_version >= '3.11'",
            "version": "==3.10.11"
        },
        "ply": {
            "hashes": [
                "sha256:00c7c1aaa88358b9c765b6d3000c6eec0ba42abca5351b095321aef446081da3",
                "sha256:096f9b8350b65ebd2fd1346b12452efe5b9607f7482813ffca50c22722a807ce"
            ],
            "version": "==3.11"
        },
        "protobuf": {
            "hashes": [
                "sha256:0c4eec6f987338617072592b97943fdbe30d019c56126493111cf24344c1cc24",
                "sha256:135658402f71bbd49500322c0f736145731b16fc79dc8f367ab544a17eab4535",
                "sha256:27b246b3723692bf1068d5734ddaf2fccc2cdd6e0c9b47fe099244d80200593b",
                "sha256:3e6101d095dfd119513cde7259aa703d16c6bbdfae2554dfe5cfdbe94e32d548",
                "sha256:3fa2de6b8b29d12c61911505d893afe7320ce7ccba4df913e2971461fa36d584",
                "sha256:64badbc49180a5e401f373f9ce7ab1d18b63f7dd4a9cdc43c92b9f0b481cef7b",
                "sha256:70585a70fc2dd4818c51287ceef5bdba6387f88a578c86d47bb34669b5552c36",
                "sha256:712319fbdddb46f21abb66cd33cb9e491a5763b2febd8f228251add221981135",
                "sha256:91fba8f445723fcf400fdbe9ca796b19d3b1242cd873907979b9ed71e4afe868",
                "sha256:a3f6857551e53ce35e60b403b8a27b0295f7d6eb63d10484f12bc6879c715687",
                "sha256:cee1757663fa32a1ee673434fcf3bf24dd54763c79690201208bafec62f19eed"
            ],
            "markers": "python_version >= '3.8'",
            "version": "==5.28.3"
        },
        "python-dateutil": {
            "hashes": [
                "sha256:37dd54208da7e1cd875388217d5e00ebd4179249f90fb72437e91a35459a0ad3",
                "sha256:a8b2bc7bffae282281c8140a97d3aa9c14da0b136dfe83f850eea9a5f7470427"
            ],
            "markers": "python_version >= '2.7' and python_version not in '3.0, 3.1, 3.2, 3.3'",
            "version": "==2.9.0.post0"
        },
        "python-dotenv": {
            "hashes": [
                "sha256:e324ee90a023d808f1959c46bcbc04446a10ced277783dc6ee09987c37ec10ca",
                "sha256:f7b63ef50f1b690dddf550d03497b66d609393b40b564ed0d674909a68ebf16a"
            ],
            "index": "pypi",
            "version": "==1.0.1"
        },
        "pyyaml": {
            "hashes": [
                "sha256:01179a4a8559ab5de078078f37e5c1a30d76bb88519906844fd7bdea1b7729ff",
                "sha256:0833f8694549e586547b576dcfaba4a6b55b9e96098b36cdc7ebefe667dfed48",
                "sha256:0a9a2848a5b7feac301353437eb7d5957887edbf81d56e903999a75a3d743086",
                "sha256:0b69e4ce7a131fe56b7e4d770c67429700908fc0752af059838b1cfb41960e4e",
                "sha256:0ffe8360bab4910ef1b9e87fb812d8bc0a308b0d0eef8c8f44e0254ab3b07133",
                "sha256:11d8f3dd2b9c1207dcaf2ee0bbbfd5991f571186ec9cc78427ba5bd32afae4b5",
                "sha256:17e311b6c678207928d649faa7cb0d7b4c26a0ba73d41e99c4fff6b6c3276484",
                "sha256:1e2120ef853f59c7419231f3bf4e7021f1b936f6ebd222406c3b60212205d2ee",
                "sha256:1f71ea527786de97d1a0cc0eacd1defc0985dcf6b3f17bb77dcfc8c34bec4dc5",
                "sha256:23502f431948090f597378482b4812b0caae32c22213aecf3b55325e049a6c68",
                "sha256:24471b829b3bf607e04e88d79542a9d48bb037c2267d7927a874e6c205ca7e9a",
                "sha256:29717114e51c84ddfba879543fb232a6ed60086602313ca38cce623c1d62cfbf",
                "sha256:2e99c6826ffa974fe6e27cdb5ed0021786b03fc98e5ee3c5bfe1fd5015f42b99",
                "sha256:39693e1f8320ae4f43943590b49779ffb98acb81f788220ea932a6b6c51004d8",
                "sha256:3ad2a3decf9aaba3d29c8f537ac4b243e36bef957511b4766cb0057d32b0be85",
                "sha256:3b1fdb9dc17f5a7677423d508ab4f243a726dea51fa5e70992e59a7411c89d19",
                "sha256:41e4e3953a79407c794916fa277a82531dd93aad34e29c2a514c2c0c5fe971cc",
                "sha256:43fa96a3ca0d6b1812e01ced1044a003533c47f6ee8aca31724f78e93ccc089a",
                "sha256:50187695423ffe49e2deacb8cd10510bc361faac997de9efef88badc3bb9e2d1",
                "sha256:5ac9328ec4831237bec75defaf839f7d4564be1e6b25ac710bd1a96321cc8317",
                "sha256:5d225db5a45f21e78dd9358e58a98702a0302f2659a3c6cd320564b75b86f47c",
                "sha256:6395c297d42274772abc367baaa79683958044e5d3835486c16da75d2a694631",
                "sha256:688ba32a1cffef67fd2e9398a2efebaea461578b0923624778664cc1c914db5d",
                "sha256:68ccc6023a3400877818152ad9a1033e3db8625d899c72eacb5a668902e4d652",
                "sha256:70b189594dbe54f75ab3a1acec5f1e3faa7e8cf2f1e08d9b561cb41b845f69d5",
                "sha256:797b4f722ffa07cc8d62053e4cff1486fa6dc094105d13fea7b1de7d8bf71c9e",
                "sha256:7c36280e6fb8385e520936c3cb3b8042851904eba0e58d277dca80a5cfed590b",
                "sha256:7e7401d0de89a9a855c839bc697c079a4af81cf878373abd7dc625847d25cbd8",
                "sha256:80bab7bfc629882493af4aa31a4cfa43a4c57c83813253626916b8c7ada83476",
                "sha256:82d09873e40955485746739bcb8b4586983670466c23382c19cffecbf1fd8706",
                "sha256:8388ee1976c416731879ac16da0aff3f63b286ffdd57cdeb95f3f2e085687563",
                "sha256:8824b5a04a04a047e72eea5cec3bc266db09e35de6bdfe34c9436ac5ee27d237",
                "sha256:8b9c7197f7cb2738065c481a0461e50ad02f18c78cd75775628afb4d7137fb3b",
                "sha256:9056c1ecd25795207ad294bcf39f2db3d845767be0ea6e6a34d856f006006083",
                "sha256:936d68689298c36b53b29f23c6dbb74de12b4ac12ca6cfe0e047bedceea56180",
                "sha256:9b22676e8097e9e22e36d6b7bda33190d0d400f345f23d4065d48f4ca7ae0425",
                "sha256:a4d3091415f010369ae4ed1fc6b79def9416358877534caf6a0fdd2146c87a3e",
                "sha256:a8786accb172bd8afb8be14490a16625cbc387036876ab6ba70912730faf8e1f",
                "sha256:a9f8c2e67970f13b16084e04f134610fd1d374bf477b17ec1599185cf611d725",
                "sha256:bc2fa7c6b47d6bc618dd7fb02ef6fdedb1090ec036abab80d4681424b84c1183",
                "sha256:c70c95198c015b85feafc136515252a261a84561b7b1d51e3384e0655ddf25ab",
                "sha256:cc1c1159b3d456576af7a3e4d1ba7e6924cb39de8f67111c735f6fc832082774",
                "sha256:ce826d6ef20b1bc864f0a68340c8b3287705cae2f8b4b1d932177dcc76721725",
                "sha256:d584d9ec91ad65861cc08d42e834324ef890a082e591037abe114850ff7bbc3e",
                "sha256:d7fded462629cfa4b685c5416b949ebad6cec74af5e2d42905d41e257e0869f5",
                "sha256:d84a1718ee396f54f3a086ea0a66d8e552b2ab2017ef8b420e92edbc841c352d",
                "sha256:d8e03406cac8513435335dbab54c0d385e4a49e4945d2909a581c83647ca0290",
                "sha256:e10ce637b18caea04431ce14fabcf5c64a1c61ec9c56b071a4b7ca131ca52d44",
                "sha256:ec031d5d2feb36d1d1a24380e4db6d43695f3748343d99434e6f5f9156aaa2ed",
                "sha256:ef6107725bd54b262d6dedcc2af448a266975032bc85ef0172c5f059da6325b4",
                "sha256:efdca5630322a10774e8e98e1af481aad470dd62c3170801852d752aa7a783ba",
                "sha256:f753120cb8181e736c57ef7636e83f31b9c0d1722c516f7e86cf15b7aa57ff12",
                "sha256:ff3824dc5261f50c9b0dfb3be22b4567a6f938ccce4587b38952d85fd9e9afe4"
            ],
            "index": "pypi",
            "version": "==6.0.2"
        },
        "requests": {
            "hashes": [
                "sha256:27babd3cda2a6d50b30443204ee89830707d396671944c998b5975b031ac2b2c",
                "sha256:27d0316682c8a29834d3264820024b62a36942083d52caf2f14c0591336d3422"
            ],
            "index": "pypi",
            "markers": "python_version >= '3.8'",
            "version": "==2.32.4"
        },
        "s3transfer": {
            "hashes": [
                "sha256:263ed587a5803c6c708d3ce44dc4dfedaab4c1a32e8329bab818933d79ddcf5d",
                "sha256:4f50ed74ab84d474ce614475e0b8d5047ff080810aac5d01ea25231cfc944b0c"
            ],
            "markers": "python_version >= '3.8'",
            "version": "==0.10.3"
        },
        "six": {
            "hashes": [
                "sha256:1e61c37477a1626458e36f7b1d82aa5c9b094fa4802892072e49de9c60c4c926",
                "sha256:8abb2f1d86890a2dfb989f9a77cfcfd3e47c2a354b01111771326f8aa26e0254"
            ],
            "markers": "python_version >= '2.7' and python_version not in '3.0, 3.1, 3.2, 3.3'",
            "version": "==1.16.0"
        },
        "throttler": {
            "hashes": [
                "sha256:d54db406d98e1b54d18a9ba2b31ab9f093ac64a0a59d730c1cf7bb1cdfc94a58",
                "sha256:fc6ae612a2529e01110b32335af40375258b98e3b81232ec77cd07f51bf71392"
            ],
            "index": "pypi",
            "version": "==1.2.2"
        },
        "urllib3": {
            "hashes": [
                "sha256:414bc6535b787febd7567804cc015fee39daab8ad86268f1310a9250697de466",
                "sha256:4e16665048960a0900c702d4a66415956a584919c03361cac9f1df5c5dd7e813"
            ],
            "markers": "python_version >= '3.9'",
            "version": "==2.4.0"
        },
        "yapsy": {
            "hashes": [
                "sha256:83891e22db0a74445726981df0ef7818dae595454de9cf10b7ba603d45ccd157",
                "sha256:d8113d9f9c74eacf65b4663c9c037d278c9cb273b5eee5f0e1803baeedb23f8b"
            ],
            "index": "pypi",
            "version": "==1.12.2"
        }
    },
    "develop": {}
}
