{
    "_meta": {
        "hash": {
            "sha256": "61ab58f93cfc6e9c68906a54b2375f314720e6ea40441a4b8a5859d898187a1e"
        },
        "pipfile-spec": 6,
        "requires": {
            "python_version": "3.9"
        },
        "sources": [
            {
                "name": "pypi",
                "url": "https://pypi.python.org/simple",
                "verify_ssl": true
            }
        ]
    },
    "default": {
        "aws-glue-schema-registry": {
            "hashes": [
                "sha256:fe8a554853afd283dbae9815e427def560b97cc97a2bdb0362e61a4d96bd9ada"
            ],
            "index": "pypi",
            "version": "==1.1.2"
        },
        "aws-kinesis-agg": {
            "hashes": [
                "sha256:87fdca1e6ebe8e445cd3ad31efd4f78a0aa11aafc183daa3090aa49c12db3c27",
                "sha256:e9490bf4af2efa06f3f221b710f0c96d4c410d5cae16fb95a287ac420d060991"
            ],
            "index": "pypi",
            "version": "==1.2.3"
        },
        "boto3": {
            "hashes": [
                "sha256:3737d8a506f50065bb2366a6b8e7545d88034f4771527790a125e0abd307d8e8",
                "sha256:9c434bcd02c527485c89d6efbd38b7c205e06ab06abe80e5dbf9a8be836c77c2"
            ],
            "version": "==1.26.50"
        },
        "botocore": {
            "hashes": [
                "sha256:0e9ab19787ad7a079c00d3e40b16bc66423e54bc0e8a203b70b543bd8854d5ad",
                "sha256:5cc68b78a48217550c18b4639420b7c3b48ed9e09e749343143acbfa423ceec5"
            ],
            "version": "==1.29.50"
        },
        "certifi": {
            "hashes": [
                "sha256:35824b4c3a97115964b408844d64aa14db1cc518f6562e8d7261699d1350a9e3",
                "sha256:4ad3232f5e926d6718ec31cfc1fcadfde020920e278684144551c91769c7bc18"
            ],
            "version": "==2022.12.7"
        },
        "charset-normalizer": {
            "hashes": [
                "sha256:00d3ffdaafe92a5dc603cb9bd5111aaa36dfa187c8285c543be562e61b755f6b",
                "sha256:024e606be3ed92216e2b6952ed859d86b4cfa52cd5bc5f050e7dc28f9b43ec42",
                "sha256:0298eafff88c99982a4cf66ba2efa1128e4ddaca0b05eec4c456bbc7db691d8d",
                "sha256:02a51034802cbf38db3f89c66fb5d2ec57e6fe7ef2f4a44d070a593c3688667b",
                "sha256:083c8d17153ecb403e5e1eb76a7ef4babfc2c48d58899c98fcaa04833e7a2f9a",
                "sha256:0a11e971ed097d24c534c037d298ad32c6ce81a45736d31e0ff0ad37ab437d59",
                "sha256:0bf2dae5291758b6f84cf923bfaa285632816007db0330002fa1de38bfcb7154",
                "sha256:0c0a590235ccd933d9892c627dec5bc7511ce6ad6c1011fdf5b11363022746c1",
                "sha256:0f438ae3532723fb6ead77e7c604be7c8374094ef4ee2c5e03a3a17f1fca256c",
                "sha256:109487860ef6a328f3eec66f2bf78b0b72400280d8f8ea05f69c51644ba6521a",
                "sha256:11b53acf2411c3b09e6af37e4b9005cba376c872503c8f28218c7243582df45d",
                "sha256:12db3b2c533c23ab812c2b25934f60383361f8a376ae272665f8e48b88e8e1c6",
                "sha256:14e76c0f23218b8f46c4d87018ca2e441535aed3632ca134b10239dfb6dadd6b",
                "sha256:16a8663d6e281208d78806dbe14ee9903715361cf81f6d4309944e4d1e59ac5b",
                "sha256:292d5e8ba896bbfd6334b096e34bffb56161c81408d6d036a7dfa6929cff8783",
                "sha256:2c03cc56021a4bd59be889c2b9257dae13bf55041a3372d3295416f86b295fb5",
                "sha256:2e396d70bc4ef5325b72b593a72c8979999aa52fb8bcf03f701c1b03e1166918",
                "sha256:2edb64ee7bf1ed524a1da60cdcd2e1f6e2b4f66ef7c077680739f1641f62f555",
                "sha256:31a9ddf4718d10ae04d9b18801bd776693487cbb57d74cc3458a7673f6f34639",
                "sha256:356541bf4381fa35856dafa6a965916e54bed415ad8a24ee6de6e37deccf2786",
                "sha256:358a7c4cb8ba9b46c453b1dd8d9e431452d5249072e4f56cfda3149f6ab1405e",
                "sha256:37f8febc8ec50c14f3ec9637505f28e58d4f66752207ea177c1d67df25da5aed",
                "sha256:39049da0ffb96c8cbb65cbf5c5f3ca3168990adf3551bd1dee10c48fce8ae820",
                "sha256:39cf9ed17fe3b1bc81f33c9ceb6ce67683ee7526e65fde1447c772afc54a1bb8",
                "sha256:3ae1de54a77dc0d6d5fcf623290af4266412a7c4be0b1ff7444394f03f5c54e3",
                "sha256:3b590df687e3c5ee0deef9fc8c547d81986d9a1b56073d82de008744452d6541",
                "sha256:3e45867f1f2ab0711d60c6c71746ac53537f1684baa699f4f668d4c6f6ce8e14",
                "sha256:3fc1c4a2ffd64890aebdb3f97e1278b0cc72579a08ca4de8cd2c04799a3a22be",
                "sha256:4457ea6774b5611f4bed5eaa5df55f70abde42364d498c5134b7ef4c6958e20e",
                "sha256:44ba614de5361b3e5278e1241fda3dc1838deed864b50a10d7ce92983797fa76",
                "sha256:4a8fcf28c05c1f6d7e177a9a46a1c52798bfe2ad80681d275b10dcf317deaf0b",
                "sha256:4b0d02d7102dd0f997580b51edc4cebcf2ab6397a7edf89f1c73b586c614272c",
                "sha256:502218f52498a36d6bf5ea77081844017bf7982cdbe521ad85e64cabee1b608b",
                "sha256:503e65837c71b875ecdd733877d852adbc465bd82c768a067badd953bf1bc5a3",
                "sha256:5995f0164fa7df59db4746112fec3f49c461dd6b31b841873443bdb077c13cfc",
                "sha256:59e5686dd847347e55dffcc191a96622f016bc0ad89105e24c14e0d6305acbc6",
                "sha256:601f36512f9e28f029d9481bdaf8e89e5148ac5d89cffd3b05cd533eeb423b59",
                "sha256:608862a7bf6957f2333fc54ab4399e405baad0163dc9f8d99cb236816db169d4",
                "sha256:62595ab75873d50d57323a91dd03e6966eb79c41fa834b7a1661ed043b2d404d",
                "sha256:70990b9c51340e4044cfc394a81f614f3f90d41397104d226f21e66de668730d",
                "sha256:71140351489970dfe5e60fc621ada3e0f41104a5eddaca47a7acb3c1b851d6d3",
                "sha256:72966d1b297c741541ca8cf1223ff262a6febe52481af742036a0b296e35fa5a",
                "sha256:74292fc76c905c0ef095fe11e188a32ebd03bc38f3f3e9bcb85e4e6db177b7ea",
                "sha256:761e8904c07ad053d285670f36dd94e1b6ab7f16ce62b9805c475b7aa1cffde6",
                "sha256:772b87914ff1152b92a197ef4ea40efe27a378606c39446ded52c8f80f79702e",
                "sha256:79909e27e8e4fcc9db4addea88aa63f6423ebb171db091fb4373e3312cb6d603",
                "sha256:7e189e2e1d3ed2f4aebabd2d5b0f931e883676e51c7624826e0a4e5fe8a0bf24",
                "sha256:7eb33a30d75562222b64f569c642ff3dc6689e09adda43a082208397f016c39a",
                "sha256:81d6741ab457d14fdedc215516665050f3822d3e56508921cc7239f8c8e66a58",
                "sha256:8499ca8f4502af841f68135133d8258f7b32a53a1d594aa98cc52013fff55678",
                "sha256:84c3990934bae40ea69a82034912ffe5a62c60bbf6ec5bc9691419641d7d5c9a",
                "sha256:87701167f2a5c930b403e9756fab1d31d4d4da52856143b609e30a1ce7160f3c",
                "sha256:88600c72ef7587fe1708fd242b385b6ed4b8904976d5da0893e31df8b3480cb6",
                "sha256:8ac7b6a045b814cf0c47f3623d21ebd88b3e8cf216a14790b455ea7ff0135d18",
                "sha256:8b8af03d2e37866d023ad0ddea594edefc31e827fee64f8de5611a1dbc373174",
                "sha256:8c7fe7afa480e3e82eed58e0ca89f751cd14d767638e2550c77a92a9e749c317",
                "sha256:8eade758719add78ec36dc13201483f8e9b5d940329285edcd5f70c0a9edbd7f",
                "sha256:911d8a40b2bef5b8bbae2e36a0b103f142ac53557ab421dc16ac4aafee6f53dc",
                "sha256:93ad6d87ac18e2a90b0fe89df7c65263b9a99a0eb98f0a3d2e079f12a0735837",
                "sha256:95dea361dd73757c6f1c0a1480ac499952c16ac83f7f5f4f84f0658a01b8ef41",
                "sha256:9ab77acb98eba3fd2a85cd160851816bfce6871d944d885febf012713f06659c",
                "sha256:9cb3032517f1627cc012dbc80a8ec976ae76d93ea2b5feaa9d2a5b8882597579",
                "sha256:9cf4e8ad252f7c38dd1f676b46514f92dc0ebeb0db5552f5f403509705e24753",
                "sha256:9d9153257a3f70d5f69edf2325357251ed20f772b12e593f3b3377b5f78e7ef8",
                "sha256:a152f5f33d64a6be73f1d30c9cc82dfc73cec6477ec268e7c6e4c7d23c2d2291",
                "sha256:a16418ecf1329f71df119e8a65f3aa68004a3f9383821edcb20f0702934d8087",
                "sha256:a60332922359f920193b1d4826953c507a877b523b2395ad7bc716ddd386d866",
                "sha256:a8d0fc946c784ff7f7c3742310cc8a57c5c6dc31631269876a88b809dbeff3d3",
                "sha256:ab5de034a886f616a5668aa5d098af2b5385ed70142090e2a31bcbd0af0fdb3d",
                "sha256:c22d3fe05ce11d3671297dc8973267daa0f938b93ec716e12e0f6dee81591dc1",
                "sha256:c2ac1b08635a8cd4e0cbeaf6f5e922085908d48eb05d44c5ae9eabab148512ca",
                "sha256:c512accbd6ff0270939b9ac214b84fb5ada5f0409c44298361b2f5e13f9aed9e",
                "sha256:c75ffc45f25324e68ab238cb4b5c0a38cd1c3d7f1fb1f72b5541de469e2247db",
                "sha256:c95a03c79bbe30eec3ec2b7f076074f4281526724c8685a42872974ef4d36b72",
                "sha256:cadaeaba78750d58d3cc6ac4d1fd867da6fc73c88156b7a3212a3cd4819d679d",
                "sha256:cd6056167405314a4dc3c173943f11249fa0f1b204f8b51ed4bde1a9cd1834dc",
                "sha256:db72b07027db150f468fbada4d85b3b2729a3db39178abf5c543b784c1254539",
                "sha256:df2c707231459e8a4028eabcd3cfc827befd635b3ef72eada84ab13b52e1574d",
                "sha256:e62164b50f84e20601c1ff8eb55620d2ad25fb81b59e3cd776a1902527a788af",
                "sha256:e696f0dd336161fca9adbb846875d40752e6eba585843c768935ba5c9960722b",
                "sha256:eaa379fcd227ca235d04152ca6704c7cb55564116f8bc52545ff357628e10602",
                "sha256:ebea339af930f8ca5d7a699b921106c6e29c617fe9606fa7baa043c1cdae326f",
                "sha256:f4c39b0e3eac288fedc2b43055cfc2ca7a60362d0e5e87a637beac5d801ef478",
                "sha256:f5057856d21e7586765171eac8b9fc3f7d44ef39425f85dbcccb13b3ebea806c",
                "sha256:f6f45710b4459401609ebebdbcfb34515da4fc2aa886f95107f556ac69a9147e",
                "sha256:f97e83fa6c25693c7a35de154681fcc257c1c41b38beb0304b9c4d2d9e164479",
                "sha256:f9d0c5c045a3ca9bedfc35dca8526798eb91a07aa7a2c0fee134c6c6f321cbd7",
                "sha256:ff6f3db31555657f3163b15a6b7c6938d08df7adbfc9dd13d9d19edad678f1e8"
            ],
            "version": "==3.0.1"
        },
        "click": {
            "hashes": [
                "sha256:7682dc8afb30297001674575ea00d1814d808d6a36af415a82bd481d37ba7b8e",
                "sha256:bb4d8133cb15a609f44e8213d9b391b0809795062913b383c62be0ee95b1db48"
            ],
            "index": "pypi",
            "version": "==8.1.3"
        },
        "decorator": {
            "hashes": [
                "sha256:637996211036b6385ef91435e4fae22989472f9d571faba8927ba8253acbc330",
                "sha256:b8c3f85900b9dc423225913c5aace94729fe1fa9763b38939a95226f02d37186"
            ],
            "version": "==5.1.1"
        },
        "e894b65": {
            "file": "https://github.com/matgoebl/kinesis-python/archive/refs/heads/master.zip"
        },
        "fastavro": {
            "hashes": [
                "sha256:202424a5a7831b773f0f2cc2f82e89ed1726051fd5994f13dc678514144e10d4",
                "sha256:216132bc54da19e97e1531dd69c86282408d4c797749d83b01b3a00862a180de",
                "sha256:492e8902063aa1c73170e11c18495fcaa86b71eae3513ef83ba438ca02b16b34",
                "sha256:4b1205f46489b4032d3155c1ab44d9824be0c7454df98d3a5bd22b78b98f23c8",
                "sha256:4da6d83abd04a804310667f8d1fc23d44e9ed91ed9a9bc9c1fcd906e0c403b12",
                "sha256:54b60e79506a456bcfc940560fa2c73a7a8e3ddc58a1ae4d94fdd99f6b02aef0",
                "sha256:601f8c2ec166bd721f4b12eafe195dd1373d3f8dce4fe2425abd2df3e3968ac7",
                "sha256:63d0d2a2bb3e85d006c834633be51b105a50b0dc7cc8423b06f30601b532adf4",
                "sha256:749206f1cec3d7429546e49db5708f4571497d35181b6b334c4844133f230515",
                "sha256:7aab162f02e64bf82d0282430a3c6ec7a36982b1c5d479e7dcc278e6d62a84b8",
                "sha256:7c664302f94064adeb93403c61c74e07b9710526403eba3b59169f99bb99c55c",
                "sha256:7df57d31cb58770a9066790250e9f4ec91242c69e1dc62ea732a6fb2406a8f96",
                "sha256:91cc9be740abca894082af4fe3ab9db057d4e5fa783cfa9a94c02ec041bf4346",
                "sha256:9e4463b00242e4baf52d499aeefab46a26d9dd18d808d4219cd4d21089da540e",
                "sha256:a07a3245049529d6d9028d664361cc4990e74d035d2303875295e2f7b97eba09",
                "sha256:a0ebd5c1269085179de4b3f072de274fb66a471ecbc5245bd8684e6f94943c2f",
                "sha256:a7e35b94b692f8cca0096c89abf1937efed66252dea0b3b3165babfb3c289fb7",
                "sha256:ab3387a06e272980fa034f5c62f7063977b77df6416d3d30a4d3b49cc8827566",
                "sha256:b905634b5763ca08c9f7b51486e2c3ae7907f5d9bc48208c69b16ccbe8455e90",
                "sha256:c20cf6cd8098bb93c2cffd53d03ccea1dcf9ec594a5c83963acf29a2882f8693",
                "sha256:f7348d318858203bd108e6bcde177d8a6f0590b52bc624d815f26fb6c37029bb"
            ],
            "index": "pypi",
            "version": "==1.7.0"
        },
        "fastjsonschema": {
            "hashes": [
                "sha256:01e366f25d9047816fe3d288cbfc3e10541daf0af2044763f3d0ade42476da18",
                "sha256:21f918e8d9a1a4ba9c22e09574ba72267a6762d47822db9add95f6454e51cc1c"
            ],
            "version": "==2.16.2"
        },
        "idna": {
            "hashes": [
                "sha256:814f528e8dead7d329833b91c5faa87d60bf71824cd12a7530b5526063d02cb4",
                "sha256:90b77e79eaa3eba6de819a0c442c0b4ceefc341a7a2ab77d7562bf49f425c5c2"
            ],
            "version": "==3.4"
        },
        "jmespath": {
            "hashes": [
                "sha256:02e2e4cc71b5bcab88332eebf907519190dd9e6e82107fa7f83b1003a6252980",
                "sha256:90261b206d6defd58fdd5e85f478bf633a2901798906be2ad389150c5c60edbe"
            ],
            "version": "==1.0.1"
        },
        "jsonpath-ng": {
            "hashes": [
                "sha256:292a93569d74029ba75ac2dc3d3630fc0e17b2df26119a165fa1d498ca47bf65",
                "sha256:a273b182a82c1256daab86a313b937059261b5c5f8c4fa3fc38b882b344dd567",
                "sha256:f75b95dbecb8a0f3b86fd2ead21c2b022c3f5770957492b9b6196ecccfeb10aa"
            ],
            "index": "pypi",
            "version": "==1.5.3"
        },
        "kafka-python": {
            "hashes": [
                "sha256:04dfe7fea2b63726cd6f3e79a2d86e709d608d74406638c5da33a01d45a9d7e3",
                "sha256:2d92418c7cb1c298fa6c7f0fb3519b520d0d7526ac6cb7ae2a4fc65a51a94b6e"
            ],
            "index": "pypi",
            "version": "==2.0.2"
        },
        "lz4": {
            "hashes": [
                "sha256:0ca83a623c449295bafad745dcd399cea4c55b16b13ed8cfea30963b004016c9",
                "sha256:0f5614d8229b33d4a97cb527db2a1ac81308c6e796e7bdb5d1309127289f69d5",
                "sha256:1c4c100d99eed7c08d4e8852dd11e7d1ec47a3340f49e3a96f8dfbba17ffb300",
                "sha256:1f25eb322eeb24068bb7647cae2b0732b71e5c639e4e4026db57618dcd8279f0",
                "sha256:200d05777d61ba1ff8d29cb51c534a162ea0b4fe6d3c28be3571a0a48ff36080",
                "sha256:31d72731c4ac6ebdce57cd9a5cabe0aecba229c4f31ba3e2c64ae52eee3fdb1c",
                "sha256:3a85b430138882f82f354135b98c320dafb96fc8fe4656573d95ab05de9eb092",
                "sha256:4931ab28a0d1c133104613e74eec1b8bb1f52403faabe4f47f93008785c0b929",
                "sha256:4caedeb19e3ede6c7a178968b800f910db6503cb4cb1e9cc9221157572139b49",
                "sha256:65d5c93f8badacfa0456b660285e394e65023ef8071142e0dcbd4762166e1be0",
                "sha256:6b50f096a6a25f3b2edca05aa626ce39979d63c3b160687c8c6d50ac3943d0ba",
                "sha256:7211dc8f636ca625abc3d4fb9ab74e5444b92df4f8d58ec83c8868a2b0ff643d",
                "sha256:7a9eec24ec7d8c99aab54de91b4a5a149559ed5b3097cf30249b665689b3d402",
                "sha256:7c2df117def1589fba1327dceee51c5c2176a2b5a7040b45e84185ce0c08b6a3",
                "sha256:7e2dc1bd88b60fa09b9b37f08553f45dc2b770c52a5996ea52b2b40f25445676",
                "sha256:83903fe6db92db0be101acedc677aa41a490b561567fe1b3fe68695b2110326c",
                "sha256:83acfacab3a1a7ab9694333bcb7950fbeb0be21660d236fd09c8337a50817897",
                "sha256:86480f14a188c37cb1416cdabacfb4e42f7a5eab20a737dac9c4b1c227f3b822",
                "sha256:867664d9ca9bdfce840ac96d46cd8838c9ae891e859eb98ce82fcdf0e103a947",
                "sha256:8df16c9a2377bdc01e01e6de5a6e4bbc66ddf007a6b045688e285d7d9d61d1c9",
                "sha256:8f00a9ba98f6364cadda366ae6469b7b3568c0cced27e16a47ddf6b774169270",
                "sha256:926b26db87ec8822cf1870efc3d04d06062730ec3279bbbd33ba47a6c0a5c673",
                "sha256:a6a46889325fd60b8a6b62ffc61588ec500a1883db32cddee9903edfba0b7584",
                "sha256:a98b61e504fb69f99117b188e60b71e3c94469295571492a6468c1acd63c37ba",
                "sha256:ad38dc6a7eea6f6b8b642aaa0683253288b0460b70cab3216838747163fb774d",
                "sha256:b10b77dc2e6b1daa2f11e241141ab8285c42b4ed13a8642495620416279cc5b2",
                "sha256:d5ea0e788dc7e2311989b78cae7accf75a580827b4d96bbaf06c7e5a03989bd5",
                "sha256:e05afefc4529e97c08e65ef92432e5f5225c0bb21ad89dee1e06a882f91d7f5e",
                "sha256:e1431d84a9cfb23e6773e72078ce8e65cad6745816d4cbf9ae67da5ea419acda",
                "sha256:ec6755cacf83f0c5588d28abb40a1ac1643f2ff2115481089264c7630236618a",
                "sha256:edc2fb3463d5d9338ccf13eb512aab61937be50aa70734bcf873f2f493801d3b",
                "sha256:edd8987d8415b5dad25e797043936d91535017237f72fa456601be1479386c92",
                "sha256:edda4fb109439b7f3f58ed6bede59694bc631c4b69c041112b1b7dc727fffb23",
                "sha256:f571eab7fec554d3b1db0d666bdc2ad85c81f4b8cb08906c4c59a8cad75e6e22",
                "sha256:f7c50542b4ddceb74ab4f8b3435327a0861f06257ca501d59067a6a482535a77"
            ],
            "index": "pypi",
            "version": "==4.3.2"
        },
        "orjson": {
            "hashes": [
                "sha256:028ee84182af09b68f9d4bc7d9f9b98a3e28d19472af93f4377510e11d3c431b",
                "sha256:0bc4dfad7d4f38775e85095fee29a484f1c8c9a37f44fa8868e70d8f1635dfd0",
                "sha256:0c0eeaa91e7107158d50fbc949c89c04a5952d236670f56ced08edd146015b97",
                "sha256:0d74c7dd08f189863263bbf05d6a8a452c2d0a29becf936cf05caf03429e59ad",
                "sha256:0ee64c378ae2c0677999e891a8a06d4772d76ae741c436edfb7209ebab80da8b",
                "sha256:1ae10f2dadbafefce59afaeba146bead5d1853cd744e2ac055796be72456aeb6",
                "sha256:29e90a3af4cabf65c73e34b06550a3ee02ce1e3daccf79d68ffa930d2db02559",
                "sha256:37b5bbcc1d5e804be5fd52c15737e7addd08475917ab6dd3de6b791dfb2d7d85",
                "sha256:3a3cbfa84a9e382a22ae462100c512404e186c62b2189d161e4f440a617ed890",
                "sha256:3c2e30e483d1d4d0b4feb820ee7eff94a86e42882f5e77dc67758c2b648dd236",
                "sha256:48e23ebde87c3c53fe8c34f3e92f25d8827089f5bc71db1399c105d128efec8d",
                "sha256:5051218f4ca88fab241dc198244cb20a9aa1cf18a2b5be41edead07bb7debccb",
                "sha256:5558f474acb68fa8f13f6c6fca4cc431f1e8496638a505961d91efe820818c8f",
                "sha256:581827f666d56e6b2e2bf2bb24f0f0f759e6eaf8ec83e7b8e42a8b9ac47c9fbc",
                "sha256:61b798c055ea1b3b6fe8a4f4bb452adec0a0dc04fb9be489e9881c996212bdc6",
                "sha256:77fa18c7806ced4f5e659e7ffd2404e974dea546f4baa0b9525f687ddf48bc17",
                "sha256:81e23bb5aa767dfa46eeca76ac6bbe148aa8c184a5d08b4d0e4947d42b278246",
                "sha256:8d4d62558f0d8ffafa04b1303b8c94e4c84ab78f5d43e4b76a8fa0cbe6b8ba6e",
                "sha256:906d15fe1d97668727e9e5c401ddf02d41277b0a5ebf16ce577a53f189eeeab8",
                "sha256:9624afef062b701ae8cb3486842b9363cf0cf083fc6294a824d109546272a3c3",
                "sha256:9888ea0e063cb79fb384f2800530d86e3b1b9e43084e7dc58fb1bb0165567a5f",
                "sha256:a057dfaf72754bdbc40de7c6cea5dcaca2198ff5accf3333df228bfe6ff4a0d8",
                "sha256:a6d8cd9066df441b06297846fc9fb69654dffe2c5b7c389f40a40f2320f1cac5",
                "sha256:b51fb3e938abaa12bd2209643b0a00e89d2a1ee325fd3c0f39e419e07439df46",
                "sha256:c6028e0dfe3f1210e5560852a9f706360c71b3c07051f99e44e9ecb232e6414b",
                "sha256:c6c364f17b8b6d799cc86d60f8409500bfc1d64538ef5178deb2b744b55264a3",
                "sha256:cd3592726d13deb3dcda3e142cb1ffaa6ddabc287a838d9d1effbb08d19e5a68",
                "sha256:d0ecd233f248d4de97af790175f0a76543c130151aef0c813b9b94c5b34027b5",
                "sha256:d4fef84272ec68339d18fec68a3cfa12c7e7f1b304606f6485f3637779e48a13",
                "sha256:eea2d722a41588e1b5a3fa6d331335d5f757eed8b82418c5185d85fbdbf402df",
                "sha256:fa71b5da3583423e450c6ded3cf13f7daaf264a734a86a5dbc6031bbe72017e7",
                "sha256:fc5ce183ceda177beb9559bbf0e11f88926322a13a337d0902e4f1059dcf5b36"
            ],
            "version": "==3.6.9"
        },
        "ply": {
            "hashes": [
                "sha256:00c7c1aaa88358b9c765b6d3000c6eec0ba42abca5351b095321aef446081da3",
                "sha256:096f9b8350b65ebd2fd1346b12452efe5b9607f7482813ffca50c22722a807ce"
            ],
            "version": "==3.11"
        },
        "protobuf": {
            "hashes": [
                "sha256:1f22ac0ca65bb70a876060d96d914dae09ac98d114294f77584b0d2644fa9c30",
                "sha256:237216c3326d46808a9f7c26fd1bd4b20015fb6867dc5d263a493ef9a539293b",
                "sha256:27f4d15021da6d2b706ddc3860fac0a5ddaba34ab679dc182b60a8bb4e1121cc",
                "sha256:299ea899484ee6f44604deb71f424234f654606b983cb496ea2a53e3c63ab791",
                "sha256:3d164928ff0727d97022957c2b849250ca0e64777ee31efd7d6de2e07c494717",
                "sha256:6ab80df09e3208f742c98443b6166bcb70d65f52cfeb67357d52032ea1ae9bec",
                "sha256:78a28c9fa223998472886c77042e9b9afb6fe4242bd2a2a5aced88e3f4422aa7",
                "sha256:7cd532c4566d0e6feafecc1059d04c7915aec8e182d1cf7adee8b24ef1e2e6ab",
                "sha256:89f9149e4a0169cddfc44c74f230d7743002e3aa0b9472d8c28f0388102fc4c2",
                "sha256:a53fd3f03e578553623272dc46ac2f189de23862e68565e83dde203d41b76fc5",
                "sha256:b135410244ebe777db80298297a97fbb4c862c881b4403b71bac9d4107d61fd1",
                "sha256:b98d0148f84e3a3c569e19f52103ca1feacdac0d2df8d6533cf983d1fda28462",
                "sha256:d1736130bce8cf131ac7957fa26880ca19227d4ad68b4888b3be0dea1f95df97",
                "sha256:f45460f9ee70a0ec1b6694c6e4e348ad2019275680bd68a1d9314b8c7e01e574"
            ],
            "version": "==4.21.12"
        },
        "python-dateutil": {
            "hashes": [
                "sha256:0123cacc1627ae19ddf3c27a5de5bd67ee4586fbdd6440d9748f8abb483d3e86",
                "sha256:961d03dc3453ebbc59dbdea9e4e11c5651520a876d0f4db161e8674aae935da9"
            ],
            "version": "==2.8.2"
        },
        "python-dotenv": {
            "hashes": [
                "sha256:1684eb44636dd462b66c3ee016599815514527ad99965de77f43e0944634a7e5",
                "sha256:b77d08274639e3d34145dfa6c7008e66df0f04b7be7a75fd0d5292c191d79045"
            ],
            "index": "pypi",
            "version": "==0.21.0"
        },
        "pyyaml": {
            "hashes": [
                "sha256:01b45c0191e6d66c470b6cf1b9531a771a83c1c4208272ead47a3ae4f2f603bf",
                "sha256:0283c35a6a9fbf047493e3a0ce8d79ef5030852c51e9d911a27badfde0605293",
                "sha256:055d937d65826939cb044fc8c9b08889e8c743fdc6a32b33e2390f66013e449b",
                "sha256:07751360502caac1c067a8132d150cf3d61339af5691fe9e87803040dbc5db57",
                "sha256:0b4624f379dab24d3725ffde76559cff63d9ec94e1736b556dacdfebe5ab6d4b",
                "sha256:0ce82d761c532fe4ec3f87fc45688bdd3a4c1dc5e0b4a19814b9009a29baefd4",
                "sha256:1e4747bc279b4f613a09eb64bba2ba602d8a6664c6ce6396a4d0cd413a50ce07",
                "sha256:213c60cd50106436cc818accf5baa1aba61c0189ff610f64f4a3e8c6726218ba",
                "sha256:231710d57adfd809ef5d34183b8ed1eeae3f76459c18fb4a0b373ad56bedcdd9",
                "sha256:277a0ef2981ca40581a47093e9e2d13b3f1fbbeffae064c1d21bfceba2030287",
                "sha256:2cd5df3de48857ed0544b34e2d40e9fac445930039f3cfe4bcc592a1f836d513",
                "sha256:40527857252b61eacd1d9af500c3337ba8deb8fc298940291486c465c8b46ec0",
                "sha256:432557aa2c09802be39460360ddffd48156e30721f5e8d917f01d31694216782",
                "sha256:473f9edb243cb1935ab5a084eb238d842fb8f404ed2193a915d1784b5a6b5fc0",
                "sha256:48c346915c114f5fdb3ead70312bd042a953a8ce5c7106d5bfb1a5254e47da92",
                "sha256:50602afada6d6cbfad699b0c7bb50d5ccffa7e46a3d738092afddc1f9758427f",
                "sha256:68fb519c14306fec9720a2a5b45bc9f0c8d1b9c72adf45c37baedfcd949c35a2",
                "sha256:77f396e6ef4c73fdc33a9157446466f1cff553d979bd00ecb64385760c6babdc",
                "sha256:81957921f441d50af23654aa6c5e5eaf9b06aba7f0a19c18a538dc7ef291c5a1",
                "sha256:819b3830a1543db06c4d4b865e70ded25be52a2e0631ccd2f6a47a2822f2fd7c",
                "sha256:897b80890765f037df3403d22bab41627ca8811ae55e9a722fd0392850ec4d86",
                "sha256:98c4d36e99714e55cfbaaee6dd5badbc9a1ec339ebfc3b1f52e293aee6bb71a4",
                "sha256:9df7ed3b3d2e0ecfe09e14741b857df43adb5a3ddadc919a2d94fbdf78fea53c",
                "sha256:9fa600030013c4de8165339db93d182b9431076eb98eb40ee068700c9c813e34",
                "sha256:a80a78046a72361de73f8f395f1f1e49f956c6be882eed58505a15f3e430962b",
                "sha256:afa17f5bc4d1b10afd4466fd3a44dc0e245382deca5b3c353d8b757f9e3ecb8d",
                "sha256:b3d267842bf12586ba6c734f89d1f5b871df0273157918b0ccefa29deb05c21c",
                "sha256:b5b9eccad747aabaaffbc6064800670f0c297e52c12754eb1d976c57e4f74dcb",
                "sha256:bfaef573a63ba8923503d27530362590ff4f576c626d86a9fed95822a8255fd7",
                "sha256:c5687b8d43cf58545ade1fe3e055f70eac7a5a1a0bf42824308d868289a95737",
                "sha256:cba8c411ef271aa037d7357a2bc8f9ee8b58b9965831d9e51baf703280dc73d3",
                "sha256:d15a181d1ecd0d4270dc32edb46f7cb7733c7c508857278d3d378d14d606db2d",
                "sha256:d4b0ba9512519522b118090257be113b9468d804b19d63c71dbcf4a48fa32358",
                "sha256:d4db7c7aef085872ef65a8fd7d6d09a14ae91f691dec3e87ee5ee0539d516f53",
                "sha256:d4eccecf9adf6fbcc6861a38015c2a64f38b9d94838ac1810a9023a0609e1b78",
                "sha256:d67d839ede4ed1b28a4e8909735fc992a923cdb84e618544973d7dfc71540803",
                "sha256:daf496c58a8c52083df09b80c860005194014c3698698d1a57cbcfa182142a3a",
                "sha256:dbad0e9d368bb989f4515da330b88a057617d16b6a8245084f1b05400f24609f",
                "sha256:e61ceaab6f49fb8bdfaa0f92c4b57bcfbea54c09277b1b4f7ac376bfb7a7c174",
                "sha256:f84fbc98b019fef2ee9a1cb3ce93e3187a6df0b2538a651bfb890254ba9f90b5"
            ],
            "index": "pypi",
            "version": "==6.0"
        },
        "requests": {
            "hashes": [
                "sha256:64299f4909223da747622c030b781c0d7811e359c37124b4bd368fb8c6518baa",
                "sha256:98b1b2782e3c6c4904938b84c0eb932721069dfdb9134313beff7c83c2df24bf"
            ],
            "index": "pypi",
            "version": "==2.28.2"
        },
        "s3transfer": {
            "hashes": [
                "sha256:06176b74f3a15f61f1b4f25a1fc29a4429040b7647133a463da8fa5bd28d5ecd",
                "sha256:2ed07d3866f523cc561bf4a00fc5535827981b117dd7876f036b0c1aca42c947"
            ],
            "version": "==0.6.0"
        },
        "six": {
            "hashes": [
                "sha256:1e61c37477a1626458e36f7b1d82aa5c9b094fa4802892072e49de9c60c4c926",
                "sha256:8abb2f1d86890a2dfb989f9a77cfcfd3e47c2a354b01111771326f8aa26e0254"
            ],
            "version": "==1.16.0"
        },
        "urllib3": {
            "hashes": [
                "sha256:076907bf8fd355cde77728471316625a4d2f7e713c125f51953bb5b3eecf4f72",
                "sha256:75edcdc2f7d85b137124a6c3c9fc3933cdeaa12ecb9a6a959f22797a0feca7e1"
            ],
            "version": "==1.26.14"
        },
        "yapsy": {
            "hashes": [
                "sha256:83891e22db0a74445726981df0ef7818dae595454de9cf10b7ba603d45ccd157",
                "sha256:d8113d9f9c74eacf65b4663c9c037d278c9cb273b5eee5f0e1803baeedb23f8b"
            ],
            "index": "pypi",
            "version": "==1.12.2"
        }
    },
    "develop": {}
}
